// !$*UTF8*$!
{
	archiveVersion = 1;
	classes = {
	};
	objectVersion = 46;
	objects = {

/* Begin PBXBuildFile section */
		7A7E898A158B0AEE007EE616 /* backButton@2x.png in Resources */ = {isa = PBXBuildFile; fileRef = 7A7E8988158B0AEE007EE616 /* backButton@2x.png */; };
		7A7E898B158B0AEE007EE616 /* navbar@2x.png in Resources */ = {isa = PBXBuildFile; fileRef = 7A7E8989158B0AEE007EE616 /* navbar@2x.png */; };
		7A7E898E158B1F69007EE616 /* search.png in Resources */ = {isa = PBXBuildFile; fileRef = 7A7E898D158B1F69007EE616 /* search.png */; };
		7A7E8990158B23B3007EE616 /* searchNB.png in Resources */ = {isa = PBXBuildFile; fileRef = 7A7E898F158B23B3007EE616 /* searchNB.png */; };
		7A7E8992158B23B9007EE616 /* brackets.png in Resources */ = {isa = PBXBuildFile; fileRef = 7A7E8991158B23B9007EE616 /* brackets.png */; };
		7A7E8994158B3702007EE616 /* delete.png in Resources */ = {isa = PBXBuildFile; fileRef = 7A7E8993158B3702007EE616 /* delete.png */; };
		7A7E8997158B3849007EE616 /* brackets2.png in Resources */ = {isa = PBXBuildFile; fileRef = 7A7E8995158B3849007EE616 /* brackets2.png */; };
		7A7E8998158B3849007EE616 /* delete2.png in Resources */ = {isa = PBXBuildFile; fileRef = 7A7E8996158B3849007EE616 /* delete2.png */; };
		7A7E899A158B38FC007EE616 /* delete3.png in Resources */ = {isa = PBXBuildFile; fileRef = 7A7E8999158B38FC007EE616 /* delete3.png */; };
		7A7F371D1592FC810068DD35 /* BookmarkedVC.m in Sources */ = {isa = PBXBuildFile; fileRef = 7A7F371C1592FC810068DD35 /* BookmarkedVC.m */; };
		7A7FCD80158B494400241469 /* CustomNavigationBar.m in Sources */ = {isa = PBXBuildFile; fileRef = 7A7FCD7F158B494400241469 /* CustomNavigationBar.m */; };
		7A817A361590489B00B42FF5 /* CustomBarButtonItem.m in Sources */ = {isa = PBXBuildFile; fileRef = 7A817A351590489B00B42FF5 /* CustomBarButtonItem.m */; };
		7A817A3915905B8400B42FF5 /* button.png in Resources */ = {isa = PBXBuildFile; fileRef = 7A817A3815905B8400B42FF5 /* button.png */; };
		7A817A601590825D00B42FF5 /* LICENSE in Resources */ = {isa = PBXBuildFile; fileRef = 7A817A4A1590825D00B42FF5 /* LICENSE */; };
		7A817A611590825D00B42FF5 /* MKAnnotationView+WebCache.m in Sources */ = {isa = PBXBuildFile; fileRef = 7A817A4C1590825D00B42FF5 /* MKAnnotationView+WebCache.m */; };
		7A817A621590825D00B42FF5 /* README.md in Resources */ = {isa = PBXBuildFile; fileRef = 7A817A4D1590825D00B42FF5 /* README.md */; };
		7A817A631590825D00B42FF5 /* SDImageCache.m in Sources */ = {isa = PBXBuildFile; fileRef = 7A817A4F1590825D00B42FF5 /* SDImageCache.m */; };
		7A817A641590825D00B42FF5 /* SDWebImageDecoder.m in Sources */ = {isa = PBXBuildFile; fileRef = 7A817A531590825D00B42FF5 /* SDWebImageDecoder.m */; };
		7A817A651590825D00B42FF5 /* SDWebImageDownloader.m in Sources */ = {isa = PBXBuildFile; fileRef = 7A817A551590825D00B42FF5 /* SDWebImageDownloader.m */; };
		7A817A661590825D00B42FF5 /* SDWebImageManager.m in Sources */ = {isa = PBXBuildFile; fileRef = 7A817A581590825D00B42FF5 /* SDWebImageManager.m */; };
		7A817A671590825D00B42FF5 /* SDWebImagePrefetcher.m in Sources */ = {isa = PBXBuildFile; fileRef = 7A817A5B1590825D00B42FF5 /* SDWebImagePrefetcher.m */; };
		7A817A681590825D00B42FF5 /* UIButton+WebCache.m in Sources */ = {isa = PBXBuildFile; fileRef = 7A817A5D1590825D00B42FF5 /* UIButton+WebCache.m */; };
		7A817A691590825D00B42FF5 /* UIImageView+WebCache.m in Sources */ = {isa = PBXBuildFile; fileRef = 7A817A5F1590825D00B42FF5 /* UIImageView+WebCache.m */; };
		7A817A6E159084BB00B42FF5 /* LICENSE in Resources */ = {isa = PBXBuildFile; fileRef = 7A817A6B159084BB00B42FF5 /* LICENSE */; };
		7A817A6F159084BB00B42FF5 /* SDNetworkActivityIndicator.m in Sources */ = {isa = PBXBuildFile; fileRef = 7A817A6D159084BB00B42FF5 /* SDNetworkActivityIndicator.m */; };
		7A817A71159090FF00B42FF5 /* MapKit.framework in Frameworks */ = {isa = PBXBuildFile; fileRef = 7A817A70159090FF00B42FF5 /* MapKit.framework */; };
		7A817A73159093CC00B42FF5 /* placeholder.png in Resources */ = {isa = PBXBuildFile; fileRef = 7A817A72159093CC00B42FF5 /* placeholder.png */; };
		7A817A8A15909DA100B42FF5 /* SettingsVC.m in Sources */ = {isa = PBXBuildFile; fileRef = 7A817A8915909DA100B42FF5 /* SettingsVC.m */; };
		7A817A8D15909EE000B42FF5 /* settingsBg.png in Resources */ = {isa = PBXBuildFile; fileRef = 7A817A8C15909EE000B42FF5 /* settingsBg.png */; };
		7A817A901591ABD200B42FF5 /* MySeries.m in Sources */ = {isa = PBXBuildFile; fileRef = 7A817A8F1591ABD100B42FF5 /* MySeries.m */; };
		7A85164F1588918A00BF1DC6 /* main1@2x.png in Resources */ = {isa = PBXBuildFile; fileRef = 7A8516491588918A00BF1DC6 /* main1@2x.png */; };
		7A8516501588918A00BF1DC6 /* main2@2x.png in Resources */ = {isa = PBXBuildFile; fileRef = 7A85164A1588918A00BF1DC6 /* main2@2x.png */; };
		7A8516511588918A00BF1DC6 /* main3@2x.png in Resources */ = {isa = PBXBuildFile; fileRef = 7A85164B1588918A00BF1DC6 /* main3@2x.png */; };
		7A8516521588918A00BF1DC6 /* main4@2x.png in Resources */ = {isa = PBXBuildFile; fileRef = 7A85164C1588918A00BF1DC6 /* main4@2x.png */; };
		7A8516531588918A00BF1DC6 /* main5@2x.png in Resources */ = {isa = PBXBuildFile; fileRef = 7A85164D1588918A00BF1DC6 /* main5@2x.png */; };
		7A8516541588918A00BF1DC6 /* main6@2x.png in Resources */ = {isa = PBXBuildFile; fileRef = 7A85164E1588918A00BF1DC6 /* main6@2x.png */; };
		7A8516611589CB2500BF1DC6 /* details@2x.png in Resources */ = {isa = PBXBuildFile; fileRef = 7A8516601589CB2500BF1DC6 /* details@2x.png */; };
		7A8516671589E6EB00BF1DC6 /* series.png in Resources */ = {isa = PBXBuildFile; fileRef = 7A8516661589E6EB00BF1DC6 /* series.png */; };
		7AB73735158872CC0075D908 /* main20@2x.png in Resources */ = {isa = PBXBuildFile; fileRef = 7AB73734158872CC0075D908 /* main20@2x.png */; };
		E1386E57154E9BF600B9286A /* SearchVC.m in Sources */ = {isa = PBXBuildFile; fileRef = E1386E55154E9BF600B9286A /* SearchVC.m */; };
		E1386E5D154E9C3600B9286A /* ui_utils.m in Sources */ = {isa = PBXBuildFile; fileRef = E1386E5A154E9C3600B9286A /* ui_utils.m */; };
		E1386E5E154E9C3600B9286A /* utils.m in Sources */ = {isa = PBXBuildFile; fileRef = E1386E5C154E9C3600B9286A /* utils.m */; };
		E18F9F851524337A005AC451 /* UIKit.framework in Frameworks */ = {isa = PBXBuildFile; fileRef = E18F9F841524337A005AC451 /* UIKit.framework */; };
		E18F9F871524337A005AC451 /* Foundation.framework in Frameworks */ = {isa = PBXBuildFile; fileRef = E18F9F861524337A005AC451 /* Foundation.framework */; };
		E18F9F891524337A005AC451 /* CoreGraphics.framework in Frameworks */ = {isa = PBXBuildFile; fileRef = E18F9F881524337A005AC451 /* CoreGraphics.framework */; };
		E18F9FA715243578005AC451 /* AppDelegate.m in Sources */ = {isa = PBXBuildFile; fileRef = E18F9F9D15243578005AC451 /* AppDelegate.m */; };
		E18F9FA815243578005AC451 /* InfoPlist.strings in Resources */ = {isa = PBXBuildFile; fileRef = E18F9FA015243578005AC451 /* InfoPlist.strings */; };
		E18F9FAA15243578005AC451 /* main.m in Sources */ = {isa = PBXBuildFile; fileRef = E18F9FA615243578005AC451 /* main.m */; };
		E1907A72157C944D00969E37 /* tabbar_settings@2x.png in Resources */ = {isa = PBXBuildFile; fileRef = E1907A71157C944D00969E37 /* tabbar_settings@2x.png */; };
		E1907A75157C9CC800969E37 /* tabbar_background@2x.png in Resources */ = {isa = PBXBuildFile; fileRef = E1907A74157C9CC800969E37 /* tabbar_background@2x.png */; };
		E1907A7A157DEC8200969E37 /* ScheduleVC.m in Sources */ = {isa = PBXBuildFile; fileRef = E1907A77157DEC8200969E37 /* ScheduleVC.m */; };
		E1907A7B157DEC8200969E37 /* ShowVC.m in Sources */ = {isa = PBXBuildFile; fileRef = E1907A79157DEC8200969E37 /* ShowVC.m */; };
		E1907A7E157DF29500969E37 /* ScheduleCell.m in Sources */ = {isa = PBXBuildFile; fileRef = E1907A7D157DF29500969E37 /* ScheduleCell.m */; };
		E1907A81157DF68D00969E37 /* Episode.m in Sources */ = {isa = PBXBuildFile; fileRef = E1907A80157DF68D00969E37 /* Episode.m */; };
		E1D5146D1556723900FA5A83 /* ShowCell.m in Sources */ = {isa = PBXBuildFile; fileRef = E1D5146A1556723900FA5A83 /* ShowCell.m */; };
		E1D5146E1556723900FA5A83 /* TVShow.m in Sources */ = {isa = PBXBuildFile; fileRef = E1D5146C1556723900FA5A83 /* TVShow.m */; };
		E1D514721556BB2E00FA5A83 /* XMLDeserialization.m in Sources */ = {isa = PBXBuildFile; fileRef = E1D514711556BB2E00FA5A83 /* XMLDeserialization.m */; };
		E1D514931556BB6200FA5A83 /* CXMLDocument_CreationExtensions.m in Sources */ = {isa = PBXBuildFile; fileRef = E1D514781556BB6200FA5A83 /* CXMLDocument_CreationExtensions.m */; };
		E1D514941556BB6200FA5A83 /* CXMLNode_CreationExtensions.m in Sources */ = {isa = PBXBuildFile; fileRef = E1D5147A1556BB6200FA5A83 /* CXMLNode_CreationExtensions.m */; };
		E1D514951556BB6200FA5A83 /* CXHTMLDocument.m in Sources */ = {isa = PBXBuildFile; fileRef = E1D5147C1556BB6200FA5A83 /* CXHTMLDocument.m */; };
		E1D514961556BB6200FA5A83 /* CXMLDocument.m in Sources */ = {isa = PBXBuildFile; fileRef = E1D5147E1556BB6200FA5A83 /* CXMLDocument.m */; };
		E1D514971556BB6200FA5A83 /* CXMLDocument_PrivateExtensions.m in Sources */ = {isa = PBXBuildFile; fileRef = E1D514801556BB6200FA5A83 /* CXMLDocument_PrivateExtensions.m */; };
		E1D514981556BB6200FA5A83 /* CXMLElement.m in Sources */ = {isa = PBXBuildFile; fileRef = E1D514821556BB6200FA5A83 /* CXMLElement.m */; };
		E1D514991556BB6200FA5A83 /* CXMLElement_CreationExtensions.m in Sources */ = {isa = PBXBuildFile; fileRef = E1D514841556BB6200FA5A83 /* CXMLElement_CreationExtensions.m */; };
		E1D5149A1556BB6200FA5A83 /* CXMLElement_ElementTreeExtensions.m in Sources */ = {isa = PBXBuildFile; fileRef = E1D514861556BB6200FA5A83 /* CXMLElement_ElementTreeExtensions.m */; };
		E1D5149B1556BB6200FA5A83 /* CXMLNamespaceNode.m in Sources */ = {isa = PBXBuildFile; fileRef = E1D514881556BB6200FA5A83 /* CXMLNamespaceNode.m */; };
		E1D5149C1556BB6200FA5A83 /* CXMLNode.m in Sources */ = {isa = PBXBuildFile; fileRef = E1D5148A1556BB6200FA5A83 /* CXMLNode.m */; };
		E1D5149D1556BB6200FA5A83 /* CXMLNode_PrivateExtensions.m in Sources */ = {isa = PBXBuildFile; fileRef = E1D5148C1556BB6200FA5A83 /* CXMLNode_PrivateExtensions.m */; };
		E1D5149E1556BB6200FA5A83 /* CXMLNode_XPathExtensions.m in Sources */ = {isa = PBXBuildFile; fileRef = E1D5148E1556BB6200FA5A83 /* CXMLNode_XPathExtensions.m */; };
		E1D5149F1556BB6200FA5A83 /* CTidy.m in Sources */ = {isa = PBXBuildFile; fileRef = E1D514911556BB6200FA5A83 /* CTidy.m */; };
		E1D514A11556BB7600FA5A83 /* libxml2.dylib in Frameworks */ = {isa = PBXBuildFile; fileRef = E1D514A01556BB7600FA5A83 /* libxml2.dylib */; };
		E1D514A51556BCE000FA5A83 /* UIView+position.m in Sources */ = {isa = PBXBuildFile; fileRef = E1D514A41556BCE000FA5A83 /* UIView+position.m */; };
		E1D514AA155A77E500FA5A83 /* Tabbar.m in Sources */ = {isa = PBXBuildFile; fileRef = E1D514A7155A77E500FA5A83 /* Tabbar.m */; };
		E1D514AB155A77E500FA5A83 /* TabbarVC.m in Sources */ = {isa = PBXBuildFile; fileRef = E1D514A9155A77E500FA5A83 /* TabbarVC.m */; };
		E1D514B7155A9D4300FA5A83 /* tabbar_browse@2x.png in Resources */ = {isa = PBXBuildFile; fileRef = E1D514B4155A9D4300FA5A83 /* tabbar_browse@2x.png */; };
		E1D514B8155A9D4300FA5A83 /* tabbar_favorite@2x.png in Resources */ = {isa = PBXBuildFile; fileRef = E1D514B5155A9D4300FA5A83 /* tabbar_favorite@2x.png */; };
		E1D514B9155A9D4300FA5A83 /* tabbar_todo@2x.png in Resources */ = {isa = PBXBuildFile; fileRef = E1D514B6155A9D4300FA5A83 /* tabbar_todo@2x.png */; };
/* End PBXBuildFile section */

/* Begin PBXFileReference section */
		7A7E8988158B0AEE007EE616 /* backButton@2x.png */ = {isa = PBXFileReference; lastKnownFileType = image.png; name = "backButton@2x.png"; path = "navbar/backButton@2x.png"; sourceTree = "<group>"; };
		7A7E8989158B0AEE007EE616 /* navbar@2x.png */ = {isa = PBXFileReference; lastKnownFileType = image.png; name = "navbar@2x.png"; path = "navbar/navbar@2x.png"; sourceTree = "<group>"; };
		7A7E898D158B1F69007EE616 /* search.png */ = {isa = PBXFileReference; lastKnownFileType = image.png; name = search.png; path = ../navbar/search.png; sourceTree = "<group>"; };
		7A7E898F158B23B3007EE616 /* searchNB.png */ = {isa = PBXFileReference; lastKnownFileType = image.png; name = searchNB.png; path = ../navbar/searchNB.png; sourceTree = "<group>"; };
		7A7E8991158B23B9007EE616 /* brackets.png */ = {isa = PBXFileReference; lastKnownFileType = image.png; name = brackets.png; path = ../navbar/brackets.png; sourceTree = "<group>"; };
		7A7E8993158B3702007EE616 /* delete.png */ = {isa = PBXFileReference; lastKnownFileType = image.png; name = delete.png; path = ../navbar/delete.png; sourceTree = "<group>"; };
		7A7E8995158B3849007EE616 /* brackets2.png */ = {isa = PBXFileReference; lastKnownFileType = image.png; name = brackets2.png; path = ../navbar/brackets2.png; sourceTree = "<group>"; };
		7A7E8996158B3849007EE616 /* delete2.png */ = {isa = PBXFileReference; lastKnownFileType = image.png; name = delete2.png; path = ../navbar/delete2.png; sourceTree = "<group>"; };
		7A7E8999158B38FC007EE616 /* delete3.png */ = {isa = PBXFileReference; lastKnownFileType = image.png; name = delete3.png; path = ../navbar/delete3.png; sourceTree = "<group>"; };
		7A7F371B1592FC810068DD35 /* BookmarkedVC.h */ = {isa = PBXFileReference; fileEncoding = 4; lastKnownFileType = sourcecode.c.h; path = BookmarkedVC.h; sourceTree = "<group>"; };
		7A7F371C1592FC810068DD35 /* BookmarkedVC.m */ = {isa = PBXFileReference; fileEncoding = 4; lastKnownFileType = sourcecode.c.objc; path = BookmarkedVC.m; sourceTree = "<group>"; };
		7A7FCD7E158B494400241469 /* CustomNavigationBar.h */ = {isa = PBXFileReference; fileEncoding = 4; lastKnownFileType = sourcecode.c.h; path = CustomNavigationBar.h; sourceTree = "<group>"; };
		7A7FCD7F158B494400241469 /* CustomNavigationBar.m */ = {isa = PBXFileReference; fileEncoding = 4; lastKnownFileType = sourcecode.c.objc; path = CustomNavigationBar.m; sourceTree = "<group>"; };
		7A817A341590489A00B42FF5 /* CustomBarButtonItem.h */ = {isa = PBXFileReference; fileEncoding = 4; lastKnownFileType = sourcecode.c.h; path = CustomBarButtonItem.h; sourceTree = "<group>"; };
		7A817A351590489B00B42FF5 /* CustomBarButtonItem.m */ = {isa = PBXFileReference; fileEncoding = 4; lastKnownFileType = sourcecode.c.objc; path = CustomBarButtonItem.m; sourceTree = "<group>"; };
		7A817A3815905B8400B42FF5 /* button.png */ = {isa = PBXFileReference; lastKnownFileType = image.png; name = button.png; path = details/button.png; sourceTree = "<group>"; };
		7A817A4A1590825D00B42FF5 /* LICENSE */ = {isa = PBXFileReference; fileEncoding = 4; lastKnownFileType = text; path = LICENSE; sourceTree = "<group>"; };
		7A817A4B1590825D00B42FF5 /* MKAnnotationView+WebCache.h */ = {isa = PBXFileReference; fileEncoding = 4; lastKnownFileType = sourcecode.c.h; path = "MKAnnotationView+WebCache.h"; sourceTree = "<group>"; };
		7A817A4C1590825D00B42FF5 /* MKAnnotationView+WebCache.m */ = {isa = PBXFileReference; fileEncoding = 4; lastKnownFileType = sourcecode.c.objc; path = "MKAnnotationView+WebCache.m"; sourceTree = "<group>"; };
		7A817A4D1590825D00B42FF5 /* README.md */ = {isa = PBXFileReference; fileEncoding = 4; lastKnownFileType = text; path = README.md; sourceTree = "<group>"; };
		7A817A4E1590825D00B42FF5 /* SDImageCache.h */ = {isa = PBXFileReference; fileEncoding = 4; lastKnownFileType = sourcecode.c.h; path = SDImageCache.h; sourceTree = "<group>"; };
		7A817A4F1590825D00B42FF5 /* SDImageCache.m */ = {isa = PBXFileReference; fileEncoding = 4; lastKnownFileType = sourcecode.c.objc; path = SDImageCache.m; sourceTree = "<group>"; };
		7A817A501590825D00B42FF5 /* SDImageCacheDelegate.h */ = {isa = PBXFileReference; fileEncoding = 4; lastKnownFileType = sourcecode.c.h; path = SDImageCacheDelegate.h; sourceTree = "<group>"; };
		7A817A511590825D00B42FF5 /* SDWebImageCompat.h */ = {isa = PBXFileReference; fileEncoding = 4; lastKnownFileType = sourcecode.c.h; path = SDWebImageCompat.h; sourceTree = "<group>"; };
		7A817A521590825D00B42FF5 /* SDWebImageDecoder.h */ = {isa = PBXFileReference; fileEncoding = 4; lastKnownFileType = sourcecode.c.h; path = SDWebImageDecoder.h; sourceTree = "<group>"; };
		7A817A531590825D00B42FF5 /* SDWebImageDecoder.m */ = {isa = PBXFileReference; fileEncoding = 4; lastKnownFileType = sourcecode.c.objc; path = SDWebImageDecoder.m; sourceTree = "<group>"; };
		7A817A541590825D00B42FF5 /* SDWebImageDownloader.h */ = {isa = PBXFileReference; fileEncoding = 4; lastKnownFileType = sourcecode.c.h; path = SDWebImageDownloader.h; sourceTree = "<group>"; };
		7A817A551590825D00B42FF5 /* SDWebImageDownloader.m */ = {isa = PBXFileReference; fileEncoding = 4; lastKnownFileType = sourcecode.c.objc; path = SDWebImageDownloader.m; sourceTree = "<group>"; };
		7A817A561590825D00B42FF5 /* SDWebImageDownloaderDelegate.h */ = {isa = PBXFileReference; fileEncoding = 4; lastKnownFileType = sourcecode.c.h; path = SDWebImageDownloaderDelegate.h; sourceTree = "<group>"; };
		7A817A571590825D00B42FF5 /* SDWebImageManager.h */ = {isa = PBXFileReference; fileEncoding = 4; lastKnownFileType = sourcecode.c.h; path = SDWebImageManager.h; sourceTree = "<group>"; };
		7A817A581590825D00B42FF5 /* SDWebImageManager.m */ = {isa = PBXFileReference; fileEncoding = 4; lastKnownFileType = sourcecode.c.objc; path = SDWebImageManager.m; sourceTree = "<group>"; };
		7A817A591590825D00B42FF5 /* SDWebImageManagerDelegate.h */ = {isa = PBXFileReference; fileEncoding = 4; lastKnownFileType = sourcecode.c.h; path = SDWebImageManagerDelegate.h; sourceTree = "<group>"; };
		7A817A5A1590825D00B42FF5 /* SDWebImagePrefetcher.h */ = {isa = PBXFileReference; fileEncoding = 4; lastKnownFileType = sourcecode.c.h; path = SDWebImagePrefetcher.h; sourceTree = "<group>"; };
		7A817A5B1590825D00B42FF5 /* SDWebImagePrefetcher.m */ = {isa = PBXFileReference; fileEncoding = 4; lastKnownFileType = sourcecode.c.objc; path = SDWebImagePrefetcher.m; sourceTree = "<group>"; };
		7A817A5C1590825D00B42FF5 /* UIButton+WebCache.h */ = {isa = PBXFileReference; fileEncoding = 4; lastKnownFileType = sourcecode.c.h; path = "UIButton+WebCache.h"; sourceTree = "<group>"; };
		7A817A5D1590825D00B42FF5 /* UIButton+WebCache.m */ = {isa = PBXFileReference; fileEncoding = 4; lastKnownFileType = sourcecode.c.objc; path = "UIButton+WebCache.m"; sourceTree = "<group>"; };
		7A817A5E1590825D00B42FF5 /* UIImageView+WebCache.h */ = {isa = PBXFileReference; fileEncoding = 4; lastKnownFileType = sourcecode.c.h; path = "UIImageView+WebCache.h"; sourceTree = "<group>"; };
		7A817A5F1590825D00B42FF5 /* UIImageView+WebCache.m */ = {isa = PBXFileReference; fileEncoding = 4; lastKnownFileType = sourcecode.c.objc; path = "UIImageView+WebCache.m"; sourceTree = "<group>"; };
		7A817A6B159084BB00B42FF5 /* LICENSE */ = {isa = PBXFileReference; fileEncoding = 4; lastKnownFileType = text; path = LICENSE; sourceTree = "<group>"; };
		7A817A6C159084BB00B42FF5 /* SDNetworkActivityIndicator.h */ = {isa = PBXFileReference; fileEncoding = 4; lastKnownFileType = sourcecode.c.h; path = SDNetworkActivityIndicator.h; sourceTree = "<group>"; };
		7A817A6D159084BB00B42FF5 /* SDNetworkActivityIndicator.m */ = {isa = PBXFileReference; fileEncoding = 4; lastKnownFileType = sourcecode.c.objc; path = SDNetworkActivityIndicator.m; sourceTree = "<group>"; };
		7A817A70159090FF00B42FF5 /* MapKit.framework */ = {isa = PBXFileReference; lastKnownFileType = wrapper.framework; name = MapKit.framework; path = System/Library/Frameworks/MapKit.framework; sourceTree = SDKROOT; };
		7A817A72159093CC00B42FF5 /* placeholder.png */ = {isa = PBXFileReference; lastKnownFileType = image.png; name = placeholder.png; path = details/placeholder.png; sourceTree = "<group>"; };
		7A817A8815909DA000B42FF5 /* SettingsVC.h */ = {isa = PBXFileReference; fileEncoding = 4; lastKnownFileType = sourcecode.c.h; path = SettingsVC.h; sourceTree = "<group>"; };
		7A817A8915909DA100B42FF5 /* SettingsVC.m */ = {isa = PBXFileReference; fileEncoding = 4; lastKnownFileType = sourcecode.c.objc; path = SettingsVC.m; sourceTree = "<group>"; };
		7A817A8C15909EE000B42FF5 /* settingsBg.png */ = {isa = PBXFileReference; lastKnownFileType = image.png; path = settingsBg.png; sourceTree = "<group>"; };
		7A817A8E1591ABD100B42FF5 /* MySeries.h */ = {isa = PBXFileReference; fileEncoding = 4; lastKnownFileType = sourcecode.c.h; lineEnding = 0; path = MySeries.h; sourceTree = "<group>"; xcLanguageSpecificationIdentifier = xcode.lang.objcpp; };
		7A817A8F1591ABD100B42FF5 /* MySeries.m */ = {isa = PBXFileReference; fileEncoding = 4; lastKnownFileType = sourcecode.c.objc; lineEnding = 0; path = MySeries.m; sourceTree = "<group>"; xcLanguageSpecificationIdentifier = xcode.lang.objc; };
		7A8516491588918A00BF1DC6 /* main1@2x.png */ = {isa = PBXFileReference; lastKnownFileType = image.png; path = "main1@2x.png"; sourceTree = "<group>"; };
		7A85164A1588918A00BF1DC6 /* main2@2x.png */ = {isa = PBXFileReference; lastKnownFileType = image.png; path = "main2@2x.png"; sourceTree = "<group>"; };
		7A85164B1588918A00BF1DC6 /* main3@2x.png */ = {isa = PBXFileReference; lastKnownFileType = image.png; path = "main3@2x.png"; sourceTree = "<group>"; };
		7A85164C1588918A00BF1DC6 /* main4@2x.png */ = {isa = PBXFileReference; lastKnownFileType = image.png; path = "main4@2x.png"; sourceTree = "<group>"; };
		7A85164D1588918A00BF1DC6 /* main5@2x.png */ = {isa = PBXFileReference; lastKnownFileType = image.png; path = "main5@2x.png"; sourceTree = "<group>"; };
		7A85164E1588918A00BF1DC6 /* main6@2x.png */ = {isa = PBXFileReference; lastKnownFileType = image.png; path = "main6@2x.png"; sourceTree = "<group>"; };
		7A8516601589CB2500BF1DC6 /* details@2x.png */ = {isa = PBXFileReference; lastKnownFileType = image.png; name = "details@2x.png"; path = "details/details@2x.png"; sourceTree = "<group>"; };
		7A8516661589E6EB00BF1DC6 /* series.png */ = {isa = PBXFileReference; lastKnownFileType = image.png; name = series.png; path = details/series.png; sourceTree = "<group>"; };
		7AB73734158872CC0075D908 /* main20@2x.png */ = {isa = PBXFileReference; lastKnownFileType = image.png; path = "main20@2x.png"; sourceTree = "<group>"; };
		E1386E54154E9BF600B9286A /* SearchVC.h */ = {isa = PBXFileReference; fileEncoding = 4; lastKnownFileType = sourcecode.c.h; path = SearchVC.h; sourceTree = "<group>"; };
		E1386E55154E9BF600B9286A /* SearchVC.m */ = {isa = PBXFileReference; fileEncoding = 4; lastKnownFileType = sourcecode.c.objc; path = SearchVC.m; sourceTree = "<group>"; };
		E1386E58154E9C3600B9286A /* ui_utils_impl.h */ = {isa = PBXFileReference; fileEncoding = 4; lastKnownFileType = sourcecode.c.h; path = ui_utils_impl.h; sourceTree = "<group>"; };
		E1386E59154E9C3600B9286A /* ui_utils.h */ = {isa = PBXFileReference; fileEncoding = 4; lastKnownFileType = sourcecode.c.h; path = ui_utils.h; sourceTree = "<group>"; };
		E1386E5A154E9C3600B9286A /* ui_utils.m */ = {isa = PBXFileReference; fileEncoding = 4; lastKnownFileType = sourcecode.c.objc; path = ui_utils.m; sourceTree = "<group>"; };
		E1386E5B154E9C3600B9286A /* utils.h */ = {isa = PBXFileReference; fileEncoding = 4; lastKnownFileType = sourcecode.c.h; path = utils.h; sourceTree = "<group>"; };
		E1386E5C154E9C3600B9286A /* utils.m */ = {isa = PBXFileReference; fileEncoding = 4; lastKnownFileType = sourcecode.c.objc; path = utils.m; sourceTree = "<group>"; };
		E1386E5F154E9C4500B9286A /* uiSearchCell.h */ = {isa = PBXFileReference; fileEncoding = 4; lastKnownFileType = sourcecode.c.h; name = uiSearchCell.h; path = ui/uiSearchCell.h; sourceTree = "<group>"; };
		E18F9F801524337A005AC451 /* WatchCat.app */ = {isa = PBXFileReference; explicitFileType = wrapper.application; includeInIndex = 0; path = WatchCat.app; sourceTree = BUILT_PRODUCTS_DIR; };
		E18F9F841524337A005AC451 /* UIKit.framework */ = {isa = PBXFileReference; lastKnownFileType = wrapper.framework; name = UIKit.framework; path = System/Library/Frameworks/UIKit.framework; sourceTree = SDKROOT; };
		E18F9F861524337A005AC451 /* Foundation.framework */ = {isa = PBXFileReference; lastKnownFileType = wrapper.framework; name = Foundation.framework; path = System/Library/Frameworks/Foundation.framework; sourceTree = SDKROOT; };
		E18F9F881524337A005AC451 /* CoreGraphics.framework */ = {isa = PBXFileReference; lastKnownFileType = wrapper.framework; name = CoreGraphics.framework; path = System/Library/Frameworks/CoreGraphics.framework; sourceTree = SDKROOT; };
		E18F9F9C15243578005AC451 /* AppDelegate.h */ = {isa = PBXFileReference; fileEncoding = 4; lastKnownFileType = sourcecode.c.h; path = AppDelegate.h; sourceTree = "<group>"; };
		E18F9F9D15243578005AC451 /* AppDelegate.m */ = {isa = PBXFileReference; fileEncoding = 4; lastKnownFileType = sourcecode.c.objc; path = AppDelegate.m; sourceTree = "<group>"; };
		E18F9FA115243578005AC451 /* en */ = {isa = PBXFileReference; lastKnownFileType = text.plist.strings; name = en; path = InfoPlist.strings; sourceTree = "<group>"; };
		E18F9FA215243578005AC451 /* WatchCat-Info.plist */ = {isa = PBXFileReference; fileEncoding = 4; lastKnownFileType = text.plist.xml; path = "WatchCat-Info.plist"; sourceTree = "<group>"; };
		E18F9FA315243578005AC451 /* WatchCat-Prefix.pch */ = {isa = PBXFileReference; fileEncoding = 4; lastKnownFileType = sourcecode.c.h; path = "WatchCat-Prefix.pch"; sourceTree = "<group>"; };
		E18F9FA615243578005AC451 /* main.m */ = {isa = PBXFileReference; fileEncoding = 4; lastKnownFileType = sourcecode.c.objc; path = main.m; sourceTree = "<group>"; };
		E1907A71157C944D00969E37 /* tabbar_settings@2x.png */ = {isa = PBXFileReference; lastKnownFileType = image.png; path = "tabbar_settings@2x.png"; sourceTree = "<group>"; };
		E1907A74157C9CC800969E37 /* tabbar_background@2x.png */ = {isa = PBXFileReference; lastKnownFileType = image.png; path = "tabbar_background@2x.png"; sourceTree = "<group>"; };
		E1907A76157DEC8200969E37 /* ScheduleVC.h */ = {isa = PBXFileReference; fileEncoding = 4; lastKnownFileType = sourcecode.c.h; path = ScheduleVC.h; sourceTree = "<group>"; };
		E1907A77157DEC8200969E37 /* ScheduleVC.m */ = {isa = PBXFileReference; fileEncoding = 4; lastKnownFileType = sourcecode.c.objc; path = ScheduleVC.m; sourceTree = "<group>"; };
		E1907A78157DEC8200969E37 /* ShowVC.h */ = {isa = PBXFileReference; fileEncoding = 4; lastKnownFileType = sourcecode.c.h; path = ShowVC.h; sourceTree = "<group>"; };
		E1907A79157DEC8200969E37 /* ShowVC.m */ = {isa = PBXFileReference; fileEncoding = 4; lastKnownFileType = sourcecode.c.objc; path = ShowVC.m; sourceTree = "<group>"; };
		E1907A7C157DF29500969E37 /* ScheduleCell.h */ = {isa = PBXFileReference; fileEncoding = 4; lastKnownFileType = sourcecode.c.h; path = ScheduleCell.h; sourceTree = "<group>"; };
		E1907A7D157DF29500969E37 /* ScheduleCell.m */ = {isa = PBXFileReference; fileEncoding = 4; lastKnownFileType = sourcecode.c.objc; path = ScheduleCell.m; sourceTree = "<group>"; };
		E1907A7F157DF68D00969E37 /* Episode.h */ = {isa = PBXFileReference; fileEncoding = 4; lastKnownFileType = sourcecode.c.h; path = Episode.h; sourceTree = "<group>"; };
		E1907A80157DF68D00969E37 /* Episode.m */ = {isa = PBXFileReference; fileEncoding = 4; lastKnownFileType = sourcecode.c.objc; path = Episode.m; sourceTree = "<group>"; };
		E1D514691556723900FA5A83 /* ShowCell.h */ = {isa = PBXFileReference; fileEncoding = 4; lastKnownFileType = sourcecode.c.h; path = ShowCell.h; sourceTree = "<group>"; };
		E1D5146A1556723900FA5A83 /* ShowCell.m */ = {isa = PBXFileReference; fileEncoding = 4; lastKnownFileType = sourcecode.c.objc; path = ShowCell.m; sourceTree = "<group>"; };
		E1D5146B1556723900FA5A83 /* TVShow.h */ = {isa = PBXFileReference; fileEncoding = 4; lastKnownFileType = sourcecode.c.h; path = TVShow.h; sourceTree = "<group>"; };
		E1D5146C1556723900FA5A83 /* TVShow.m */ = {isa = PBXFileReference; fileEncoding = 4; lastKnownFileType = sourcecode.c.objc; path = TVShow.m; sourceTree = "<group>"; };
		E1D514701556BB2E00FA5A83 /* XMLDeserialization.h */ = {isa = PBXFileReference; fileEncoding = 4; lastKnownFileType = sourcecode.c.h; path = XMLDeserialization.h; sourceTree = "<group>"; };
		E1D514711556BB2E00FA5A83 /* XMLDeserialization.m */ = {isa = PBXFileReference; fileEncoding = 4; lastKnownFileType = sourcecode.c.objc; path = XMLDeserialization.m; sourceTree = "<group>"; };
		E1D514771556BB6200FA5A83 /* CXMLDocument_CreationExtensions.h */ = {isa = PBXFileReference; fileEncoding = 4; lastKnownFileType = sourcecode.c.h; path = CXMLDocument_CreationExtensions.h; sourceTree = "<group>"; };
		E1D514781556BB6200FA5A83 /* CXMLDocument_CreationExtensions.m */ = {isa = PBXFileReference; fileEncoding = 4; lastKnownFileType = sourcecode.c.objc; path = CXMLDocument_CreationExtensions.m; sourceTree = "<group>"; };
		E1D514791556BB6200FA5A83 /* CXMLNode_CreationExtensions.h */ = {isa = PBXFileReference; fileEncoding = 4; lastKnownFileType = sourcecode.c.h; path = CXMLNode_CreationExtensions.h; sourceTree = "<group>"; };
		E1D5147A1556BB6200FA5A83 /* CXMLNode_CreationExtensions.m */ = {isa = PBXFileReference; fileEncoding = 4; lastKnownFileType = sourcecode.c.objc; path = CXMLNode_CreationExtensions.m; sourceTree = "<group>"; };
		E1D5147B1556BB6200FA5A83 /* CXHTMLDocument.h */ = {isa = PBXFileReference; fileEncoding = 4; lastKnownFileType = sourcecode.c.h; path = CXHTMLDocument.h; sourceTree = "<group>"; };
		E1D5147C1556BB6200FA5A83 /* CXHTMLDocument.m */ = {isa = PBXFileReference; fileEncoding = 4; lastKnownFileType = sourcecode.c.objc; path = CXHTMLDocument.m; sourceTree = "<group>"; };
		E1D5147D1556BB6200FA5A83 /* CXMLDocument.h */ = {isa = PBXFileReference; fileEncoding = 4; lastKnownFileType = sourcecode.c.h; path = CXMLDocument.h; sourceTree = "<group>"; };
		E1D5147E1556BB6200FA5A83 /* CXMLDocument.m */ = {isa = PBXFileReference; fileEncoding = 4; lastKnownFileType = sourcecode.c.objc; path = CXMLDocument.m; sourceTree = "<group>"; };
		E1D5147F1556BB6200FA5A83 /* CXMLDocument_PrivateExtensions.h */ = {isa = PBXFileReference; fileEncoding = 4; lastKnownFileType = sourcecode.c.h; path = CXMLDocument_PrivateExtensions.h; sourceTree = "<group>"; };
		E1D514801556BB6200FA5A83 /* CXMLDocument_PrivateExtensions.m */ = {isa = PBXFileReference; fileEncoding = 4; lastKnownFileType = sourcecode.c.objc; path = CXMLDocument_PrivateExtensions.m; sourceTree = "<group>"; };
		E1D514811556BB6200FA5A83 /* CXMLElement.h */ = {isa = PBXFileReference; fileEncoding = 4; lastKnownFileType = sourcecode.c.h; path = CXMLElement.h; sourceTree = "<group>"; };
		E1D514821556BB6200FA5A83 /* CXMLElement.m */ = {isa = PBXFileReference; fileEncoding = 4; lastKnownFileType = sourcecode.c.objc; path = CXMLElement.m; sourceTree = "<group>"; };
		E1D514831556BB6200FA5A83 /* CXMLElement_CreationExtensions.h */ = {isa = PBXFileReference; fileEncoding = 4; lastKnownFileType = sourcecode.c.h; path = CXMLElement_CreationExtensions.h; sourceTree = "<group>"; };
		E1D514841556BB6200FA5A83 /* CXMLElement_CreationExtensions.m */ = {isa = PBXFileReference; fileEncoding = 4; lastKnownFileType = sourcecode.c.objc; path = CXMLElement_CreationExtensions.m; sourceTree = "<group>"; };
		E1D514851556BB6200FA5A83 /* CXMLElement_ElementTreeExtensions.h */ = {isa = PBXFileReference; fileEncoding = 4; lastKnownFileType = sourcecode.c.h; path = CXMLElement_ElementTreeExtensions.h; sourceTree = "<group>"; };
		E1D514861556BB6200FA5A83 /* CXMLElement_ElementTreeExtensions.m */ = {isa = PBXFileReference; fileEncoding = 4; lastKnownFileType = sourcecode.c.objc; path = CXMLElement_ElementTreeExtensions.m; sourceTree = "<group>"; };
		E1D514871556BB6200FA5A83 /* CXMLNamespaceNode.h */ = {isa = PBXFileReference; fileEncoding = 4; lastKnownFileType = sourcecode.c.h; path = CXMLNamespaceNode.h; sourceTree = "<group>"; };
		E1D514881556BB6200FA5A83 /* CXMLNamespaceNode.m */ = {isa = PBXFileReference; fileEncoding = 4; lastKnownFileType = sourcecode.c.objc; path = CXMLNamespaceNode.m; sourceTree = "<group>"; };
		E1D514891556BB6200FA5A83 /* CXMLNode.h */ = {isa = PBXFileReference; fileEncoding = 4; lastKnownFileType = sourcecode.c.h; path = CXMLNode.h; sourceTree = "<group>"; };
		E1D5148A1556BB6200FA5A83 /* CXMLNode.m */ = {isa = PBXFileReference; fileEncoding = 4; lastKnownFileType = sourcecode.c.objc; path = CXMLNode.m; sourceTree = "<group>"; };
		E1D5148B1556BB6200FA5A83 /* CXMLNode_PrivateExtensions.h */ = {isa = PBXFileReference; fileEncoding = 4; lastKnownFileType = sourcecode.c.h; path = CXMLNode_PrivateExtensions.h; sourceTree = "<group>"; };
		E1D5148C1556BB6200FA5A83 /* CXMLNode_PrivateExtensions.m */ = {isa = PBXFileReference; fileEncoding = 4; lastKnownFileType = sourcecode.c.objc; path = CXMLNode_PrivateExtensions.m; sourceTree = "<group>"; };
		E1D5148D1556BB6200FA5A83 /* CXMLNode_XPathExtensions.h */ = {isa = PBXFileReference; fileEncoding = 4; lastKnownFileType = sourcecode.c.h; path = CXMLNode_XPathExtensions.h; sourceTree = "<group>"; };
		E1D5148E1556BB6200FA5A83 /* CXMLNode_XPathExtensions.m */ = {isa = PBXFileReference; fileEncoding = 4; lastKnownFileType = sourcecode.c.objc; path = CXMLNode_XPathExtensions.m; sourceTree = "<group>"; };
		E1D514901556BB6200FA5A83 /* CTidy.h */ = {isa = PBXFileReference; fileEncoding = 4; lastKnownFileType = sourcecode.c.h; path = CTidy.h; sourceTree = "<group>"; };
		E1D514911556BB6200FA5A83 /* CTidy.m */ = {isa = PBXFileReference; fileEncoding = 4; lastKnownFileType = sourcecode.c.objc; path = CTidy.m; sourceTree = "<group>"; };
		E1D514921556BB6200FA5A83 /* TouchXML.h */ = {isa = PBXFileReference; fileEncoding = 4; lastKnownFileType = sourcecode.c.h; path = TouchXML.h; sourceTree = "<group>"; };
		E1D514A01556BB7600FA5A83 /* libxml2.dylib */ = {isa = PBXFileReference; lastKnownFileType = "compiled.mach-o.dylib"; name = libxml2.dylib; path = usr/lib/libxml2.dylib; sourceTree = SDKROOT; };
		E1D514A31556BCE000FA5A83 /* UIView+position.h */ = {isa = PBXFileReference; fileEncoding = 4; lastKnownFileType = sourcecode.c.h; path = "UIView+position.h"; sourceTree = "<group>"; };
		E1D514A41556BCE000FA5A83 /* UIView+position.m */ = {isa = PBXFileReference; fileEncoding = 4; lastKnownFileType = sourcecode.c.objc; path = "UIView+position.m"; sourceTree = "<group>"; };
		E1D514A6155A77E500FA5A83 /* Tabbar.h */ = {isa = PBXFileReference; fileEncoding = 4; lastKnownFileType = sourcecode.c.h; path = Tabbar.h; sourceTree = "<group>"; };
		E1D514A7155A77E500FA5A83 /* Tabbar.m */ = {isa = PBXFileReference; fileEncoding = 4; lastKnownFileType = sourcecode.c.objc; path = Tabbar.m; sourceTree = "<group>"; };
		E1D514A8155A77E500FA5A83 /* TabbarVC.h */ = {isa = PBXFileReference; fileEncoding = 4; lastKnownFileType = sourcecode.c.h; path = TabbarVC.h; sourceTree = "<group>"; };
		E1D514A9155A77E500FA5A83 /* TabbarVC.m */ = {isa = PBXFileReference; fileEncoding = 4; lastKnownFileType = sourcecode.c.objc; path = TabbarVC.m; sourceTree = "<group>"; };
		E1D514AD155A780600FA5A83 /* uiSearchCell.h */ = {isa = PBXFileReference; fileEncoding = 4; lastKnownFileType = sourcecode.c.h; path = uiSearchCell.h; sourceTree = "<group>"; };
		E1D514AE155A780600FA5A83 /* uiTabbar.h */ = {isa = PBXFileReference; fileEncoding = 4; lastKnownFileType = sourcecode.c.h; path = uiTabbar.h; sourceTree = "<group>"; };
		E1D514B4155A9D4300FA5A83 /* tabbar_browse@2x.png */ = {isa = PBXFileReference; lastKnownFileType = image.png; path = "tabbar_browse@2x.png"; sourceTree = "<group>"; };
		E1D514B5155A9D4300FA5A83 /* tabbar_favorite@2x.png */ = {isa = PBXFileReference; lastKnownFileType = image.png; path = "tabbar_favorite@2x.png"; sourceTree = "<group>"; };
		E1D514B6155A9D4300FA5A83 /* tabbar_todo@2x.png */ = {isa = PBXFileReference; lastKnownFileType = image.png; path = "tabbar_todo@2x.png"; sourceTree = "<group>"; };
/* End PBXFileReference section */

/* Begin PBXFrameworksBuildPhase section */
		E18F9F7D1524337A005AC451 /* Frameworks */ = {
			isa = PBXFrameworksBuildPhase;
			buildActionMask = 2147483647;
			files = (
				7A817A71159090FF00B42FF5 /* MapKit.framework in Frameworks */,
				E1D514A11556BB7600FA5A83 /* libxml2.dylib in Frameworks */,
				E18F9F851524337A005AC451 /* UIKit.framework in Frameworks */,
				E18F9F871524337A005AC451 /* Foundation.framework in Frameworks */,
				E18F9F891524337A005AC451 /* CoreGraphics.framework in Frameworks */,
			);
			runOnlyForDeploymentPostprocessing = 0;
		};
/* End PBXFrameworksBuildPhase section */

/* Begin PBXGroup section */
		7A817A3A15905B8A00B42FF5 /* details */ = {
			isa = PBXGroup;
			children = (
				7A817A72159093CC00B42FF5 /* placeholder.png */,
				7A8516661589E6EB00BF1DC6 /* series.png */,
				7A7E8989158B0AEE007EE616 /* navbar@2x.png */,
				7A8516601589CB2500BF1DC6 /* details@2x.png */,
				7A7E8988158B0AEE007EE616 /* backButton@2x.png */,
				7A817A3815905B8400B42FF5 /* button.png */,
			);
			name = details;
			sourceTree = "<group>";
		};
		7A817A491590825D00B42FF5 /* SDWebImage */ = {
			isa = PBXGroup;
			children = (
				7A817A4A1590825D00B42FF5 /* LICENSE */,
				7A817A4B1590825D00B42FF5 /* MKAnnotationView+WebCache.h */,
				7A817A4C1590825D00B42FF5 /* MKAnnotationView+WebCache.m */,
				7A817A4D1590825D00B42FF5 /* README.md */,
				7A817A4E1590825D00B42FF5 /* SDImageCache.h */,
				7A817A4F1590825D00B42FF5 /* SDImageCache.m */,
				7A817A501590825D00B42FF5 /* SDImageCacheDelegate.h */,
				7A817A511590825D00B42FF5 /* SDWebImageCompat.h */,
				7A817A521590825D00B42FF5 /* SDWebImageDecoder.h */,
				7A817A531590825D00B42FF5 /* SDWebImageDecoder.m */,
				7A817A541590825D00B42FF5 /* SDWebImageDownloader.h */,
				7A817A551590825D00B42FF5 /* SDWebImageDownloader.m */,
				7A817A561590825D00B42FF5 /* SDWebImageDownloaderDelegate.h */,
				7A817A571590825D00B42FF5 /* SDWebImageManager.h */,
				7A817A581590825D00B42FF5 /* SDWebImageManager.m */,
				7A817A591590825D00B42FF5 /* SDWebImageManagerDelegate.h */,
				7A817A5A1590825D00B42FF5 /* SDWebImagePrefetcher.h */,
				7A817A5B1590825D00B42FF5 /* SDWebImagePrefetcher.m */,
				7A817A5C1590825D00B42FF5 /* UIButton+WebCache.h */,
				7A817A5D1590825D00B42FF5 /* UIButton+WebCache.m */,
				7A817A5E1590825D00B42FF5 /* UIImageView+WebCache.h */,
				7A817A5F1590825D00B42FF5 /* UIImageView+WebCache.m */,
			);
			path = SDWebImage;
			sourceTree = "<group>";
		};
		7A817A6A159084BB00B42FF5 /* SDNetworkActivityIndicator */ = {
			isa = PBXGroup;
			children = (
				7A817A6B159084BB00B42FF5 /* LICENSE */,
				7A817A6C159084BB00B42FF5 /* SDNetworkActivityIndicator.h */,
				7A817A6D159084BB00B42FF5 /* SDNetworkActivityIndicator.m */,
			);
			path = SDNetworkActivityIndicator;
			sourceTree = "<group>";
		};
		7A817A8B15909EE000B42FF5 /* settings */ = {
			isa = PBXGroup;
			children = (
				7A817A8C15909EE000B42FF5 /* settingsBg.png */,
			);
			path = settings;
			sourceTree = "<group>";
		};
		7AB73733158872CC0075D908 /* main */ = {
			isa = PBXGroup;
			children = (
				7A7E8999158B38FC007EE616 /* delete3.png */,
				7A7E8996158B3849007EE616 /* delete2.png */,
				7A7E8993158B3702007EE616 /* delete.png */,
				7A7E8991158B23B9007EE616 /* brackets.png */,
				7A7E898F158B23B3007EE616 /* searchNB.png */,
				7A7E898D158B1F69007EE616 /* search.png */,
				7A7E8995158B3849007EE616 /* brackets2.png */,
				7A8516491588918A00BF1DC6 /* main1@2x.png */,
				7A85164A1588918A00BF1DC6 /* main2@2x.png */,
				7A85164B1588918A00BF1DC6 /* main3@2x.png */,
				7A85164C1588918A00BF1DC6 /* main4@2x.png */,
				7A85164D1588918A00BF1DC6 /* main5@2x.png */,
				7A85164E1588918A00BF1DC6 /* main6@2x.png */,
				7AB73734158872CC0075D908 /* main20@2x.png */,
			);
			path = main;
			sourceTree = "<group>";
		};
		E18F9F751524337A005AC451 = {
			isa = PBXGroup;
			children = (
				7A817A70159090FF00B42FF5 /* MapKit.framework */,
				E1D514B2155A9D4300FA5A83 /* images */,
				E1D514AC155A780600FA5A83 /* ui */,
				E1D514A01556BB7600FA5A83 /* libxml2.dylib */,
				E1386E5F154E9C4500B9286A /* uiSearchCell.h */,
				E18F9F9B15243578005AC451 /* Classes */,
				E18F9F9F15243578005AC451 /* en.lproj */,
				E18F9FA215243578005AC451 /* WatchCat-Info.plist */,
				E18F9FA315243578005AC451 /* WatchCat-Prefix.pch */,
				E18F9FA415243578005AC451 /* opt */,
				E18F9FA515243578005AC451 /* src */,
				E18F9F831524337A005AC451 /* Frameworks */,
				E18F9F811524337A005AC451 /* Products */,
			);
			sourceTree = "<group>";
		};
		E18F9F811524337A005AC451 /* Products */ = {
			isa = PBXGroup;
			children = (
				E18F9F801524337A005AC451 /* WatchCat.app */,
			);
			name = Products;
			sourceTree = "<group>";
		};
		E18F9F831524337A005AC451 /* Frameworks */ = {
			isa = PBXGroup;
			children = (
				E18F9F841524337A005AC451 /* UIKit.framework */,
				E18F9F861524337A005AC451 /* Foundation.framework */,
				E18F9F881524337A005AC451 /* CoreGraphics.framework */,
			);
			name = Frameworks;
			sourceTree = "<group>";
		};
		E18F9F9B15243578005AC451 /* Classes */ = {
			isa = PBXGroup;
			children = (
				E1907A7F157DF68D00969E37 /* Episode.h */,
				E1907A80157DF68D00969E37 /* Episode.m */,
				E1907A7C157DF29500969E37 /* ScheduleCell.h */,
				E1907A7D157DF29500969E37 /* ScheduleCell.m */,
				E1907A76157DEC8200969E37 /* ScheduleVC.h */,
				E1907A77157DEC8200969E37 /* ScheduleVC.m */,
				E1907A78157DEC8200969E37 /* ShowVC.h */,
				E1907A79157DEC8200969E37 /* ShowVC.m */,
				7A817A341590489A00B42FF5 /* CustomBarButtonItem.h */,
				7A817A351590489B00B42FF5 /* CustomBarButtonItem.m */,
				E1D514A6155A77E500FA5A83 /* Tabbar.h */,
				E1D514A7155A77E500FA5A83 /* Tabbar.m */,
				E1D514A8155A77E500FA5A83 /* TabbarVC.h */,
				E1D514A9155A77E500FA5A83 /* TabbarVC.m */,
				E1D514701556BB2E00FA5A83 /* XMLDeserialization.h */,
				E1D514711556BB2E00FA5A83 /* XMLDeserialization.m */,
				E1D514691556723900FA5A83 /* ShowCell.h */,
				E1D5146A1556723900FA5A83 /* ShowCell.m */,
				E1D5146B1556723900FA5A83 /* TVShow.h */,
				E1D5146C1556723900FA5A83 /* TVShow.m */,
				E1386E54154E9BF600B9286A /* SearchVC.h */,
				E1386E55154E9BF600B9286A /* SearchVC.m */,
				E18F9F9C15243578005AC451 /* AppDelegate.h */,
				E18F9F9D15243578005AC451 /* AppDelegate.m */,
				7A7FCD7E158B494400241469 /* CustomNavigationBar.h */,
				7A7FCD7F158B494400241469 /* CustomNavigationBar.m */,
				7A817A8815909DA000B42FF5 /* SettingsVC.h */,
				7A817A8915909DA100B42FF5 /* SettingsVC.m */,
				7A817A8E1591ABD100B42FF5 /* MySeries.h */,
				7A817A8F1591ABD100B42FF5 /* MySeries.m */,
				7A7F371B1592FC810068DD35 /* BookmarkedVC.h */,
				7A7F371C1592FC810068DD35 /* BookmarkedVC.m */,
			);
			path = Classes;
			sourceTree = "<group>";
		};
		E18F9F9F15243578005AC451 /* en.lproj */ = {
			isa = PBXGroup;
			children = (
				E18F9FA015243578005AC451 /* InfoPlist.strings */,
			);
			path = en.lproj;
			sourceTree = "<group>";
		};
		E18F9FA415243578005AC451 /* opt */ = {
			isa = PBXGroup;
			children = (
				7A817A6A159084BB00B42FF5 /* SDNetworkActivityIndicator */,
				7A817A491590825D00B42FF5 /* SDWebImage */,
				E1D514A21556BCE000FA5A83 /* UIView+position */,
				E1D514751556BB6200FA5A83 /* TouchXML */,
			);
			path = opt;
			sourceTree = "<group>";
		};
		E18F9FA515243578005AC451 /* src */ = {
			isa = PBXGroup;
			children = (
				E1386E58154E9C3600B9286A /* ui_utils_impl.h */,
				E1386E59154E9C3600B9286A /* ui_utils.h */,
				E1386E5A154E9C3600B9286A /* ui_utils.m */,
				E1386E5B154E9C3600B9286A /* utils.h */,
				E1386E5C154E9C3600B9286A /* utils.m */,
				E18F9FA615243578005AC451 /* main.m */,
			);
			path = src;
			sourceTree = "<group>";
		};
		E1D514751556BB6200FA5A83 /* TouchXML */ = {
			isa = PBXGroup;
			children = (
				E1D514761556BB6200FA5A83 /* Creation */,
				E1D5147B1556BB6200FA5A83 /* CXHTMLDocument.h */,
				E1D5147C1556BB6200FA5A83 /* CXHTMLDocument.m */,
				E1D5147D1556BB6200FA5A83 /* CXMLDocument.h */,
				E1D5147E1556BB6200FA5A83 /* CXMLDocument.m */,
				E1D5147F1556BB6200FA5A83 /* CXMLDocument_PrivateExtensions.h */,
				E1D514801556BB6200FA5A83 /* CXMLDocument_PrivateExtensions.m */,
				E1D514811556BB6200FA5A83 /* CXMLElement.h */,
				E1D514821556BB6200FA5A83 /* CXMLElement.m */,
				E1D514831556BB6200FA5A83 /* CXMLElement_CreationExtensions.h */,
				E1D514841556BB6200FA5A83 /* CXMLElement_CreationExtensions.m */,
				E1D514851556BB6200FA5A83 /* CXMLElement_ElementTreeExtensions.h */,
				E1D514861556BB6200FA5A83 /* CXMLElement_ElementTreeExtensions.m */,
				E1D514871556BB6200FA5A83 /* CXMLNamespaceNode.h */,
				E1D514881556BB6200FA5A83 /* CXMLNamespaceNode.m */,
				E1D514891556BB6200FA5A83 /* CXMLNode.h */,
				E1D5148A1556BB6200FA5A83 /* CXMLNode.m */,
				E1D5148B1556BB6200FA5A83 /* CXMLNode_PrivateExtensions.h */,
				E1D5148C1556BB6200FA5A83 /* CXMLNode_PrivateExtensions.m */,
				E1D5148D1556BB6200FA5A83 /* CXMLNode_XPathExtensions.h */,
				E1D5148E1556BB6200FA5A83 /* CXMLNode_XPathExtensions.m */,
				E1D5148F1556BB6200FA5A83 /* Tidy */,
				E1D514921556BB6200FA5A83 /* TouchXML.h */,
			);
			path = TouchXML;
			sourceTree = "<group>";
		};
		E1D514761556BB6200FA5A83 /* Creation */ = {
			isa = PBXGroup;
			children = (
				E1D514771556BB6200FA5A83 /* CXMLDocument_CreationExtensions.h */,
				E1D514781556BB6200FA5A83 /* CXMLDocument_CreationExtensions.m */,
				E1D514791556BB6200FA5A83 /* CXMLNode_CreationExtensions.h */,
				E1D5147A1556BB6200FA5A83 /* CXMLNode_CreationExtensions.m */,
			);
			path = Creation;
			sourceTree = "<group>";
		};
		E1D5148F1556BB6200FA5A83 /* Tidy */ = {
			isa = PBXGroup;
			children = (
				E1D514901556BB6200FA5A83 /* CTidy.h */,
				E1D514911556BB6200FA5A83 /* CTidy.m */,
			);
			path = Tidy;
			sourceTree = "<group>";
		};
		E1D514A21556BCE000FA5A83 /* UIView+position */ = {
			isa = PBXGroup;
			children = (
				E1D514A31556BCE000FA5A83 /* UIView+position.h */,
				E1D514A41556BCE000FA5A83 /* UIView+position.m */,
			);
			path = "UIView+position";
			sourceTree = "<group>";
		};
		E1D514AC155A780600FA5A83 /* ui */ = {
			isa = PBXGroup;
			children = (
				E1D514AD155A780600FA5A83 /* uiSearchCell.h */,
				E1D514AE155A780600FA5A83 /* uiTabbar.h */,
			);
			path = ui;
			sourceTree = "<group>";
		};
		E1D514B2155A9D4300FA5A83 /* images */ = {
			isa = PBXGroup;
			children = (
				7A817A8B15909EE000B42FF5 /* settings */,
				7A817A3A15905B8A00B42FF5 /* details */,
				7AB73733158872CC0075D908 /* main */,
				E1D514B3155A9D4300FA5A83 /* tabbar */,
			);
			path = images;
			sourceTree = "<group>";
		};
		E1D514B3155A9D4300FA5A83 /* tabbar */ = {
			isa = PBXGroup;
			children = (
				E1907A74157C9CC800969E37 /* tabbar_background@2x.png */,
				E1907A71157C944D00969E37 /* tabbar_settings@2x.png */,
				E1D514B4155A9D4300FA5A83 /* tabbar_browse@2x.png */,
				E1D514B5155A9D4300FA5A83 /* tabbar_favorite@2x.png */,
				E1D514B6155A9D4300FA5A83 /* tabbar_todo@2x.png */,
			);
			path = tabbar;
			sourceTree = "<group>";
		};
/* End PBXGroup section */

/* Begin PBXNativeTarget section */
		E18F9F7F1524337A005AC451 /* WatchCat */ = {
			isa = PBXNativeTarget;
			buildConfigurationList = E18F9F981524337A005AC451 /* Build configuration list for PBXNativeTarget "WatchCat" */;
			buildPhases = (
				E18F9F7C1524337A005AC451 /* Sources */,
				E18F9F7D1524337A005AC451 /* Frameworks */,
				E18F9F7E1524337A005AC451 /* Resources */,
			);
			buildRules = (
			);
			dependencies = (
			);
			name = WatchCat;
			productName = WatchCat;
			productReference = E18F9F801524337A005AC451 /* WatchCat.app */;
			productType = "com.apple.product-type.application";
		};
/* End PBXNativeTarget section */

/* Begin PBXProject section */
		E18F9F771524337A005AC451 /* Project object */ = {
			isa = PBXProject;
			attributes = {
				LastUpgradeCheck = 0430;
			};
			buildConfigurationList = E18F9F7A1524337A005AC451 /* Build configuration list for PBXProject "WatchCat" */;
			compatibilityVersion = "Xcode 3.2";
			developmentRegion = English;
			hasScannedForEncodings = 0;
			knownRegions = (
				en,
			);
			mainGroup = E18F9F751524337A005AC451;
			productRefGroup = E18F9F811524337A005AC451 /* Products */;
			projectDirPath = "";
			projectRoot = "";
			targets = (
				E18F9F7F1524337A005AC451 /* WatchCat */,
			);
		};
/* End PBXProject section */

/* Begin PBXResourcesBuildPhase section */
		E18F9F7E1524337A005AC451 /* Resources */ = {
			isa = PBXResourcesBuildPhase;
			buildActionMask = 2147483647;
			files = (
				E18F9FA815243578005AC451 /* InfoPlist.strings in Resources */,
				E1D514B7155A9D4300FA5A83 /* tabbar_browse@2x.png in Resources */,
				E1D514B8155A9D4300FA5A83 /* tabbar_favorite@2x.png in Resources */,
				E1D514B9155A9D4300FA5A83 /* tabbar_todo@2x.png in Resources */,
				E1907A72157C944D00969E37 /* tabbar_settings@2x.png in Resources */,
				E1907A75157C9CC800969E37 /* tabbar_background@2x.png in Resources */,
				7AB73735158872CC0075D908 /* main20@2x.png in Resources */,
				7A85164F1588918A00BF1DC6 /* main1@2x.png in Resources */,
				7A8516501588918A00BF1DC6 /* main2@2x.png in Resources */,
				7A8516511588918A00BF1DC6 /* main3@2x.png in Resources */,
				7A8516521588918A00BF1DC6 /* main4@2x.png in Resources */,
				7A8516531588918A00BF1DC6 /* main5@2x.png in Resources */,
				7A8516541588918A00BF1DC6 /* main6@2x.png in Resources */,
				7A8516611589CB2500BF1DC6 /* details@2x.png in Resources */,
				7A8516671589E6EB00BF1DC6 /* series.png in Resources */,
				7A7E898A158B0AEE007EE616 /* backButton@2x.png in Resources */,
				7A7E898B158B0AEE007EE616 /* navbar@2x.png in Resources */,
				7A7E898E158B1F69007EE616 /* search.png in Resources */,
				7A7E8990158B23B3007EE616 /* searchNB.png in Resources */,
				7A7E8992158B23B9007EE616 /* brackets.png in Resources */,
				7A7E8994158B3702007EE616 /* delete.png in Resources */,
				7A7E8997158B3849007EE616 /* brackets2.png in Resources */,
				7A7E8998158B3849007EE616 /* delete2.png in Resources */,
				7A7E899A158B38FC007EE616 /* delete3.png in Resources */,
				7A817A3915905B8400B42FF5 /* button.png in Resources */,
				7A817A601590825D00B42FF5 /* LICENSE in Resources */,
				7A817A621590825D00B42FF5 /* README.md in Resources */,
				7A817A6E159084BB00B42FF5 /* LICENSE in Resources */,
				7A817A73159093CC00B42FF5 /* placeholder.png in Resources */,
				7A817A8D15909EE000B42FF5 /* settingsBg.png in Resources */,
			);
			runOnlyForDeploymentPostprocessing = 0;
		};
/* End PBXResourcesBuildPhase section */

/* Begin PBXSourcesBuildPhase section */
		E18F9F7C1524337A005AC451 /* Sources */ = {
			isa = PBXSourcesBuildPhase;
			buildActionMask = 2147483647;
			files = (
				E18F9FA715243578005AC451 /* AppDelegate.m in Sources */,
				E18F9FAA15243578005AC451 /* main.m in Sources */,
				E1386E57154E9BF600B9286A /* SearchVC.m in Sources */,
				E1386E5D154E9C3600B9286A /* ui_utils.m in Sources */,
				E1386E5E154E9C3600B9286A /* utils.m in Sources */,
				E1D5146D1556723900FA5A83 /* ShowCell.m in Sources */,
				E1D5146E1556723900FA5A83 /* TVShow.m in Sources */,
				E1D514721556BB2E00FA5A83 /* XMLDeserialization.m in Sources */,
				E1D514931556BB6200FA5A83 /* CXMLDocument_CreationExtensions.m in Sources */,
				E1D514941556BB6200FA5A83 /* CXMLNode_CreationExtensions.m in Sources */,
				E1D514951556BB6200FA5A83 /* CXHTMLDocument.m in Sources */,
				E1D514961556BB6200FA5A83 /* CXMLDocument.m in Sources */,
				E1D514971556BB6200FA5A83 /* CXMLDocument_PrivateExtensions.m in Sources */,
				E1D514981556BB6200FA5A83 /* CXMLElement.m in Sources */,
				E1D514991556BB6200FA5A83 /* CXMLElement_CreationExtensions.m in Sources */,
				E1D5149A1556BB6200FA5A83 /* CXMLElement_ElementTreeExtensions.m in Sources */,
				E1D5149B1556BB6200FA5A83 /* CXMLNamespaceNode.m in Sources */,
				E1D5149C1556BB6200FA5A83 /* CXMLNode.m in Sources */,
				E1D5149D1556BB6200FA5A83 /* CXMLNode_PrivateExtensions.m in Sources */,
				E1D5149E1556BB6200FA5A83 /* CXMLNode_XPathExtensions.m in Sources */,
				E1D5149F1556BB6200FA5A83 /* CTidy.m in Sources */,
				E1D514A51556BCE000FA5A83 /* UIView+position.m in Sources */,
				E1D514AA155A77E500FA5A83 /* Tabbar.m in Sources */,
				E1D514AB155A77E500FA5A83 /* TabbarVC.m in Sources */,
				E1907A7A157DEC8200969E37 /* ScheduleVC.m in Sources */,
				E1907A7B157DEC8200969E37 /* ShowVC.m in Sources */,
				E1907A7E157DF29500969E37 /* ScheduleCell.m in Sources */,
				E1907A81157DF68D00969E37 /* Episode.m in Sources */,
				7A7FCD80158B494400241469 /* CustomNavigationBar.m in Sources */,
				7A817A361590489B00B42FF5 /* CustomBarButtonItem.m in Sources */,
				7A817A611590825D00B42FF5 /* MKAnnotationView+WebCache.m in Sources */,
				7A817A631590825D00B42FF5 /* SDImageCache.m in Sources */,
				7A817A641590825D00B42FF5 /* SDWebImageDecoder.m in Sources */,
				7A817A651590825D00B42FF5 /* SDWebImageDownloader.m in Sources */,
				7A817A661590825D00B42FF5 /* SDWebImageManager.m in Sources */,
				7A817A671590825D00B42FF5 /* SDWebImagePrefetcher.m in Sources */,
				7A817A681590825D00B42FF5 /* UIButton+WebCache.m in Sources */,
				7A817A691590825D00B42FF5 /* UIImageView+WebCache.m in Sources */,
				7A817A6F159084BB00B42FF5 /* SDNetworkActivityIndicator.m in Sources */,
				7A817A8A15909DA100B42FF5 /* SettingsVC.m in Sources */,
				7A817A901591ABD200B42FF5 /* MySeries.m in Sources */,
				7A7F371D1592FC810068DD35 /* BookmarkedVC.m in Sources */,
			);
			runOnlyForDeploymentPostprocessing = 0;
		};
/* End PBXSourcesBuildPhase section */

/* Begin PBXVariantGroup section */
		E18F9FA015243578005AC451 /* InfoPlist.strings */ = {
			isa = PBXVariantGroup;
			children = (
				E18F9FA115243578005AC451 /* en */,
			);
			name = InfoPlist.strings;
			sourceTree = "<group>";
		};
/* End PBXVariantGroup section */

/* Begin XCBuildConfiguration section */
		E18F9F961524337A005AC451 /* Debug */ = {
			isa = XCBuildConfiguration;
			buildSettings = {
				ALWAYS_SEARCH_USER_PATHS = NO;
				ARCHS = "$(ARCHS_STANDARD_32_BIT)";
				CLANG_ENABLE_OBJC_ARC = YES;
				"CODE_SIGN_IDENTITY[sdk=iphoneos*]" = "iPhone Developer";
				COPY_PHASE_STRIP = NO;
				GCC_C_LANGUAGE_STANDARD = gnu99;
				GCC_DYNAMIC_NO_PIC = NO;
				GCC_OPTIMIZATION_LEVEL = 0;
				GCC_PREPROCESSOR_DEFINITIONS = (
					"DEBUG=1",
					"$(inherited)",
				);
				GCC_SYMBOLS_PRIVATE_EXTERN = NO;
				GCC_VERSION = com.apple.compilers.llvm.clang.1_0;
				GCC_WARN_ABOUT_RETURN_TYPE = YES;
				GCC_WARN_UNINITIALIZED_AUTOS = YES;
				GCC_WARN_UNUSED_VARIABLE = YES;
				INFOPLIST_FILE = "WatchCat-Info.plist";
				IPHONEOS_DEPLOYMENT_TARGET = 4.2;
				SDKROOT = iphoneos;
				TARGETED_DEVICE_FAMILY = 2;
			};
			name = Debug;
		};
		E18F9F971524337A005AC451 /* Release */ = {
			isa = XCBuildConfiguration;
			buildSettings = {
				ALWAYS_SEARCH_USER_PATHS = NO;
				ARCHS = "$(ARCHS_STANDARD_32_BIT)";
				CLANG_ENABLE_OBJC_ARC = YES;
				"CODE_SIGN_IDENTITY[sdk=iphoneos*]" = "iPhone Developer";
				COPY_PHASE_STRIP = YES;
				GCC_C_LANGUAGE_STANDARD = gnu99;
				GCC_VERSION = com.apple.compilers.llvm.clang.1_0;
				GCC_WARN_ABOUT_RETURN_TYPE = YES;
				GCC_WARN_UNINITIALIZED_AUTOS = YES;
				GCC_WARN_UNUSED_VARIABLE = YES;
				INFOPLIST_FILE = "WatchCat-Info.plist";
				IPHONEOS_DEPLOYMENT_TARGET = 4.2;
				OTHER_CFLAGS = "-DNS_BLOCK_ASSERTIONS=1";
				SDKROOT = iphoneos;
				TARGETED_DEVICE_FAMILY = 2;
				VALIDATE_PRODUCT = YES;
			};
			name = Release;
		};
		E18F9F991524337A005AC451 /* Debug */ = {
			isa = XCBuildConfiguration;
			buildSettings = {
				GCC_PRECOMPILE_PREFIX_HEADER = YES;
				GCC_PREFIX_HEADER = "WatchCat-Prefix.pch";
				HEADER_SEARCH_PATHS = /usr/include/libxml2;
				INFOPLIST_FILE = "WatchCat-Info.plist";
				PRODUCT_NAME = "$(TARGET_NAME)";
				TARGETED_DEVICE_FAMILY = 1;
				USER_HEADER_SEARCH_PATHS = "/usr/include/libxml2 opt/SDWebImage";
				WRAPPER_EXTENSION = app;
			};
			name = Debug;
		};
		E18F9F9A1524337A005AC451 /* Release */ = {
			isa = XCBuildConfiguration;
			buildSettings = {
				GCC_PRECOMPILE_PREFIX_HEADER = YES;
				GCC_PREFIX_HEADER = "WatchCat-Prefix.pch";
				HEADER_SEARCH_PATHS = /usr/include/libxml2;
				INFOPLIST_FILE = "WatchCat-Info.plist";
				PRODUCT_NAME = "$(TARGET_NAME)";
				TARGETED_DEVICE_FAMILY = 1;
				USER_HEADER_SEARCH_PATHS = "/usr/include/libxml2 opt/SDWebImage";
				WRAPPER_EXTENSION = app;
			};
			name = Release;
		};
/* End XCBuildConfiguration section */

/* Begin XCConfigurationList section */
		E18F9F7A1524337A005AC451 /* Build configuration list for PBXProject "WatchCat" */ = {
			isa = XCConfigurationList;
			buildConfigurations = (
				E18F9F961524337A005AC451 /* Debug */,
				E18F9F971524337A005AC451 /* Release */,
			);
			defaultConfigurationIsVisible = 0;
			defaultConfigurationName = Release;
		};
		E18F9F981524337A005AC451 /* Build configuration list for PBXNativeTarget "WatchCat" */ = {
			isa = XCConfigurationList;
			buildConfigurations = (
				E18F9F991524337A005AC451 /* Debug */,
				E18F9F9A1524337A005AC451 /* Release */,
			);
			defaultConfigurationIsVisible = 0;
			defaultConfigurationName = Release;
		};
/* End XCConfigurationList section */
	};
	rootObject = E18F9F771524337A005AC451 /* Project object */;
}
